
Microsoft Visual Studio Solution File, Format Version 12.00
# Visual Studio 15
VisualStudioVersion = 15.0.27703.2026
MinimumVisualStudioVersion = 10.0.40219.1
Project("{FAE04EC0-301F-11D3-BF4B-00C04F79EFBC}") = "Translator", "Translator\Translator.csproj", "{450E8E9B-E7A5-46DA-9B89-F569A47B753E}"
EndProject
Global
	GlobalSection(SolutionConfigurationPlatforms) = preSolution
		Debug|Any CPU = Debug|Any CPU
		Release|Any CPU = Release|Any CPU
	EndGlobalSection
	GlobalSection(ProjectConfigurationPlatforms) = postSolution
		{450E8E9B-E7A5-46DA-9B89-F569A47B753E}.Debug|Any CPU.ActiveCfg = Debug|Any CPU
		{450E8E9B-E7A5-46DA-9B89-F569A47B753E}.Debug|Any CPU.Build.0 = Debug|Any CPU
		{450E8E9B-E7A5-46DA-9B89-F569A47B753E}.Release|Any CPU.ActiveCfg = Release|Any CPU
		{450E8E9B-E7A5-46DA-9B89-F569A47B753E}.Release|Any CPU.Build.0 = Release|Any CPU
	EndGlobalSection
	GlobalSection(SolutionProperties) = preSolution
		HideSolutionNode = FALSE
	EndGlobalSection
	GlobalSection(ExtensibilityGlobals) = postSolution
		SolutionGuid = {7E59A185-ADF3-40F0-8180-93DB742E7D21}
	EndGlobalSection
EndGlobal
